Microsoft Visual Studio Solution File, Format Version 12.00
# Visual Studio 14
VisualStudioVersion = 14.0.23107.0
MinimumVisualStudioVersion = 10.0.40219.1
Project("{FAE04EC0-301F-11D3-BF4B-00C04F79EFBC}") = "PuncherMachine-cleaned", "PuncherMachine-cleaned.csproj", "{2317DF93-50BE-4127-ABD1-1788CD53DB96}"
EndProject
Project("{FAE04EC0-301F-11D3-BF4B-00C04F79EFBC}") = "CalibrationDynMethod", "..\..\0xFF04_CalibrationDynMethod.dll\CalibrationDynMethod\CalibrationDynMethod.csproj", "{921CC7CB-76CC-4950-B8C5-63DF53724821}"
EndProject
Global
	GlobalSection(SolutionConfigurationPlatforms) = preSolution
		Debug|Any CPU = Debug|Any CPU
		Release|Any CPU = Release|Any CPU
	EndGlobalSection
	GlobalSection(ProjectConfigurationPlatforms) = postSolution
		{2317DF93-50BE-4127-ABD1-1788CD53DB96}.Debug|Any CPU.ActiveCfg = Debug|Any CPU
		{2317DF93-50BE-4127-ABD1-1788CD53DB96}.Debug|Any CPU.Build.0 = Debug|Any CPU
		{2317DF93-50BE-4127-ABD1-1788CD53DB96}.Release|Any CPU.ActiveCfg = Release|Any CPU
		{2317DF93-50BE-4127-ABD1-1788CD53DB96}.Release|Any CPU.Build.0 = Release|Any CPU
		{921CC7CB-76CC-4950-B8C5-63DF53724821}.Debug|Any CPU.ActiveCfg = Debug|Any CPU
		{921CC7CB-76CC-4950-B8C5-63DF53724821}.Debug|Any CPU.Build.0 = Debug|Any CPU
		{921CC7CB-76CC-4950-B8C5-63DF53724821}.Release|Any CPU.ActiveCfg = Release|Any CPU
		{921CC7CB-76CC-4950-B8C5-63DF53724821}.Release|Any CPU.Build.0 = Release|Any CPU
	EndGlobalSection
	GlobalSection(SolutionProperties) = preSolution
		HideSolutionNode = FALSE
	EndGlobalSection
EndGlobal
